
Microsoft Visual Studio Solution File, Format Version 12.00
# Visual Studio Version 16
VisualStudioVersion = 16.0.30503.244
MinimumVisualStudioVersion = 10.0.40219.1
Project("{FAE04EC0-301F-11D3-BF4B-00C04F79EFBC}") = "WPFCore", "WPFCore\WPFCore.csproj", "{CF8FA1CB-8B30-40A0-9A60-28B76CC71C8A}"
EndProject
Global
	GlobalSection(SolutionConfigurationPlatforms) = preSolution
		Debug|Any CPU = Debug|Any CPU
		Release|Any CPU = Release|Any CPU
	EndGlobalSection
	GlobalSection(ProjectConfigurationPlatforms) = postSolution
		{CF8FA1CB-8B30-40A0-9A60-28B76CC71C8A}.Debug|Any CPU.ActiveCfg = Debug|Any CPU
		{CF8FA1CB-8B30-40A0-9A60-28B76CC71C8A}.Debug|Any CPU.Build.0 = Debug|Any CPU
		{CF8FA1CB-8B30-40A0-9A60-28B76CC71C8A}.Release|Any CPU.ActiveCfg = Release|Any CPU
		{CF8FA1CB-8B30-40A0-9A60-28B76CC71C8A}.Release|Any CPU.Build.0 = Release|Any CPU
	EndGlobalSection
	GlobalSection(SolutionProperties) = preSolution
		HideSolutionNode = FALSE
	EndGlobalSection
	GlobalSection(ExtensibilityGlobals) = postSolution
		SolutionGuid = {9B9E5D40-1FD2-49EE-BA52-B5D18392683A}
	EndGlobalSection
EndGlobal
