
Microsoft Visual Studio Solution File, Format Version 12.00
# Visual Studio Version 16
VisualStudioVersion = 16.0.30503.244
MinimumVisualStudioVersion = 10.0.40219.1
Project("{9A19103F-16F7-4668-BE54-9A1E7A4F7556}") = "WPFCore", "WPFCore\WPFCore.csproj", "{CF8FA1CB-8B30-40A0-9A60-28B76CC71C8A}"
EndProject
Project("{9A19103F-16F7-4668-BE54-9A1E7A4F7556}") = "Logging", "Logger\Logger\Logging.csproj", "{31B25AAE-F04A-40B8-9B82-FA5A76EE62EC}"
EndProject
Project("{9A19103F-16F7-4668-BE54-9A1E7A4F7556}") = "Samantha", "Samantha\Samantha\Samantha.csproj", "{E33469CD-6470-42FF-9D42-1C5DC28902C3}"
EndProject
Project("{9A19103F-16F7-4668-BE54-9A1E7A4F7556}") = "Sandbox", "Sandbox\Sandbox.csproj", "{D091D3B7-267D-49E5-8D27-6E39CD753300}"
EndProject
Project("{9A19103F-16F7-4668-BE54-9A1E7A4F7556}") = "Instinct", "..\Instinct\Instinct\Instinct.csproj", "{88A1D3DF-D21E-43D2-98D6-699AE6568F38}"
EndProject
Global
	GlobalSection(SolutionConfigurationPlatforms) = preSolution
		Debug|Any CPU = Debug|Any CPU
		Release|Any CPU = Release|Any CPU
	EndGlobalSection
	GlobalSection(ProjectConfigurationPlatforms) = postSolution
		{CF8FA1CB-8B30-40A0-9A60-28B76CC71C8A}.Debug|Any CPU.ActiveCfg = Debug|Any CPU
		{CF8FA1CB-8B30-40A0-9A60-28B76CC71C8A}.Debug|Any CPU.Build.0 = Debug|Any CPU
		{CF8FA1CB-8B30-40A0-9A60-28B76CC71C8A}.Release|Any CPU.ActiveCfg = Release|Any CPU
		{CF8FA1CB-8B30-40A0-9A60-28B76CC71C8A}.Release|Any CPU.Build.0 = Release|Any CPU
		{31B25AAE-F04A-40B8-9B82-FA5A76EE62EC}.Debug|Any CPU.ActiveCfg = Debug|Any CPU
		{31B25AAE-F04A-40B8-9B82-FA5A76EE62EC}.Debug|Any CPU.Build.0 = Debug|Any CPU
		{31B25AAE-F04A-40B8-9B82-FA5A76EE62EC}.Release|Any CPU.ActiveCfg = Release|Any CPU
		{31B25AAE-F04A-40B8-9B82-FA5A76EE62EC}.Release|Any CPU.Build.0 = Release|Any CPU
		{E33469CD-6470-42FF-9D42-1C5DC28902C3}.Debug|Any CPU.ActiveCfg = Debug|Any CPU
		{E33469CD-6470-42FF-9D42-1C5DC28902C3}.Debug|Any CPU.Build.0 = Debug|Any CPU
		{E33469CD-6470-42FF-9D42-1C5DC28902C3}.Release|Any CPU.ActiveCfg = Release|Any CPU
		{E33469CD-6470-42FF-9D42-1C5DC28902C3}.Release|Any CPU.Build.0 = Release|Any CPU
		{D091D3B7-267D-49E5-8D27-6E39CD753300}.Debug|Any CPU.ActiveCfg = Debug|Any CPU
		{D091D3B7-267D-49E5-8D27-6E39CD753300}.Debug|Any CPU.Build.0 = Debug|Any CPU
		{D091D3B7-267D-49E5-8D27-6E39CD753300}.Release|Any CPU.ActiveCfg = Release|Any CPU
		{D091D3B7-267D-49E5-8D27-6E39CD753300}.Release|Any CPU.Build.0 = Release|Any CPU
		{88A1D3DF-D21E-43D2-98D6-699AE6568F38}.Debug|Any CPU.ActiveCfg = Debug|Any CPU
		{88A1D3DF-D21E-43D2-98D6-699AE6568F38}.Debug|Any CPU.Build.0 = Debug|Any CPU
		{88A1D3DF-D21E-43D2-98D6-699AE6568F38}.Release|Any CPU.ActiveCfg = Release|Any CPU
		{88A1D3DF-D21E-43D2-98D6-699AE6568F38}.Release|Any CPU.Build.0 = Release|Any CPU
	EndGlobalSection
	GlobalSection(SolutionProperties) = preSolution
		HideSolutionNode = FALSE
	EndGlobalSection
	GlobalSection(ExtensibilityGlobals) = postSolution
		SolutionGuid = {9B9E5D40-1FD2-49EE-BA52-B5D18392683A}
	EndGlobalSection
EndGlobal
